
Microsoft Visual Studio Solution File, Format Version 12.00
# Visual Studio 2012
Project("{FAE04EC0-301F-11D3-BF4B-00C04F79EFBC}") = "Fat.Tests", "Fat.Tests\Fat.Tests.csproj", "{F414194E-6DB6-4C95-8CBE-9F0EB8B0E135}"
EndProject
Project("{FAE04EC0-301F-11D3-BF4B-00C04F79EFBC}") = "Fat.Quotes", "Fat.Quotes\Fat.Quotes.csproj", "{608B3493-2926-438E-9FB2-271473C99326}"
EndProject
Project("{FAE04EC0-301F-11D3-BF4B-00C04F79EFBC}") = "Fat.Services", "Fat.Services\Fat.Services.csproj", "{0135E795-F0CC-42B6-8AB0-599022D8EFD3}"
EndProject
Project("{2150E333-8FDC-42A3-9474-1A3956D46DE8}") = "_documentation", "_documentation", "{33DA174D-A48C-4541-8444-490867C3EA10}"
	ProjectSection(SolutionItems) = preProject
		_documentation\201300314-yahoo api notes.txt = _documentation\201300314-yahoo api notes.txt
		_documentation\20130305-fat-d.txt = _documentation\20130305-fat-d.txt
		_documentation\ASXListedCompanies.csv = _documentation\ASXListedCompanies.csv
	EndProjectSection
EndProject
Project("{2150E333-8FDC-42A3-9474-1A3956D46DE8}") = "SQL", "SQL", "{D1166DF3-F64E-465A-8CF3-3000F7DE36CC}"
	ProjectSection(SolutionItems) = preProject
		_documentation\SQL\insert stocks.txt = _documentation\SQL\insert stocks.txt
	EndProjectSection
EndProject
Project("{FAE04EC0-301F-11D3-BF4B-00C04F79EFBC}") = "Fat.Import", "Fat.Import\Fat.Import.csproj", "{84A3BDFB-B2E1-4BA5-AC46-4BE995018798}"
EndProject
Project("{2150E333-8FDC-42A3-9474-1A3956D46DE8}") = "lib", "lib", "{871B6931-2845-47DC-9E3D-8B13F88918CF}"
	ProjectSection(SolutionItems) = preProject
		lib\businesslogic.dll = lib\businesslogic.dll
		lib\cms.dll = lib\cms.dll
		lib\dotNetFx45_Full_setup.exe = lib\dotNetFx45_Full_setup.exe
		lib\EntityFramework.dll = lib\EntityFramework.dll
		lib\EntityFramework.xml = lib\EntityFramework.xml
		lib\Examine.dll = lib\Examine.dll
		lib\interfaces.dll = lib\interfaces.dll
		lib\interfaces.xml = lib\interfaces.xml
		lib\Lucene.Net.dll = lib\Lucene.Net.dll
		lib\MaasOne.dll = lib\MaasOne.dll
		lib\MaasOne.pdb = lib\MaasOne.pdb
		lib\MaasOne.xml = lib\MaasOne.xml
		lib\MaasOne.Yahoo.dll = lib\MaasOne.Yahoo.dll
		lib\MaasOne.Yahoo.pdb = lib\MaasOne.Yahoo.pdb
		lib\MaasOne.Yahoo.XML = lib\MaasOne.Yahoo.XML
		lib\SSCERuntime_x64-ENU (1).exe = lib\SSCERuntime_x64-ENU (1).exe
		lib\System.Web.WebPages.dll = lib\System.Web.WebPages.dll
		lib\System.Web.WebPages.Razor.dll = lib\System.Web.WebPages.Razor.dll
		lib\System.Web.WebPages.Razor.xml = lib\System.Web.WebPages.Razor.xml
		lib\System.Web.WebPages.xml = lib\System.Web.WebPages.xml
		lib\Umbraco.Core.dll = lib\Umbraco.Core.dll
		lib\Umbraco.Core.xml = lib\Umbraco.Core.xml
		lib\umbraco.dll = lib\umbraco.dll
		lib\umbraco.MacroEngines.dll = lib\umbraco.MacroEngines.dll
		lib\umbraco.providers.dll = lib\umbraco.providers.dll
		lib\UmbracoExamine.dll = lib\UmbracoExamine.dll
		lib\uSiteBuilder.Admin.dll = lib\uSiteBuilder.Admin.dll
		lib\Vega.USiteBuilder.dll = lib\Vega.USiteBuilder.dll
		lib\Vega.USiteBuilder.XML = lib\Vega.USiteBuilder.XML
	EndProjectSection
EndProject
Project("{FAE04EC0-301F-11D3-BF4B-00C04F79EFBC}") = "Fat.Umbraco", "Fat.Umbraco\Fat.Umbraco.csproj", "{ADA700DD-7BFA-4F2C-95B6-ADA9415E378A}"
EndProject
Project("{2150E333-8FDC-42A3-9474-1A3956D46DE8}") = "UmbracoPackages", "UmbracoPackages", "{3CF53D6D-B83E-4FF8-8CAE-2CB7C7F4B08C}"
	ProjectSection(SolutionItems) = preProject
		UmbracoPackages\ImageGen_2.5.7.zip = UmbracoPackages\ImageGen_2.5.7.zip
		UmbracoPackages\uSiteBuilderAdmin_2.1.1-beta.zip = UmbracoPackages\uSiteBuilderAdmin_2.1.1-beta.zip
	EndProjectSection
EndProject
Project("{2150E333-8FDC-42A3-9474-1A3956D46DE8}") = "uBlogsy", "uBlogsy", "{E736FEAF-6631-40BB-9C64-8422C92AA928}"
	ProjectSection(SolutionItems) = preProject
		lib\uBlogsy\uBlogsy.BusinessLogic.dll = lib\uBlogsy\uBlogsy.BusinessLogic.dll
		lib\uBlogsy\uBlogsy.BusinessLogic.pdb = lib\uBlogsy\uBlogsy.BusinessLogic.pdb
		lib\uBlogsy\uBlogsy.Common.dll = lib\uBlogsy\uBlogsy.Common.dll
		lib\uBlogsy\uBlogsy.Common.pdb = lib\uBlogsy\uBlogsy.Common.pdb
		lib\uBlogsy\uBlogsy.Mvc.Parts.dll = lib\uBlogsy\uBlogsy.Mvc.Parts.dll
		lib\uBlogsy\uBlogsy.Mvc.Parts.pdb = lib\uBlogsy\uBlogsy.Mvc.Parts.pdb
		lib\uBlogsy\uBlogsy.WebForms.dll = lib\uBlogsy\uBlogsy.WebForms.dll
		lib\uBlogsy\uBlogsy.WebForms.pdb = lib\uBlogsy\uBlogsy.WebForms.pdb
		lib\uBlogsy\uCommentsy.BusinessLogic.dll = lib\uBlogsy\uCommentsy.BusinessLogic.dll
		lib\uBlogsy\uCommentsy.BusinessLogic.pdb = lib\uBlogsy\uCommentsy.BusinessLogic.pdb
		lib\uBlogsy\uCommentsy.Mvc.Parts.dll = lib\uBlogsy\uCommentsy.Mvc.Parts.dll
		lib\uBlogsy\uCommentsy.Mvc.Parts.pdb = lib\uBlogsy\uCommentsy.Mvc.Parts.pdb
		lib\uBlogsy\uCommentsy.Web.dll = lib\uBlogsy\uCommentsy.Web.dll
		lib\uBlogsy\uCommentsy.Web.pdb = lib\uBlogsy\uCommentsy.Web.pdb
		lib\uBlogsy\uComponents.Core.dll = lib\uBlogsy\uComponents.Core.dll
		lib\uBlogsy\uDateFoldersy.dll = lib\uBlogsy\uDateFoldersy.dll
		lib\uBlogsy\uDateFoldersy.pdb = lib\uBlogsy\uDateFoldersy.pdb
		lib\uBlogsy\uHelpsy.dll = lib\uBlogsy\uHelpsy.dll
		lib\uBlogsy\uHelpsy.pdb = lib\uBlogsy\uHelpsy.pdb
		lib\uBlogsy\uLoremsy.dll = lib\uBlogsy\uLoremsy.dll
		lib\uBlogsy\uLoremsy.pdb = lib\uBlogsy\uLoremsy.pdb
	EndProjectSection
EndProject
Global
	GlobalSection(SolutionConfigurationPlatforms) = preSolution
		Debug|Any CPU = Debug|Any CPU
		Release|Any CPU = Release|Any CPU
	EndGlobalSection
	GlobalSection(ProjectConfigurationPlatforms) = postSolution
		{F414194E-6DB6-4C95-8CBE-9F0EB8B0E135}.Debug|Any CPU.ActiveCfg = Debug|Any CPU
		{F414194E-6DB6-4C95-8CBE-9F0EB8B0E135}.Debug|Any CPU.Build.0 = Debug|Any CPU
		{F414194E-6DB6-4C95-8CBE-9F0EB8B0E135}.Release|Any CPU.ActiveCfg = Release|Any CPU
		{F414194E-6DB6-4C95-8CBE-9F0EB8B0E135}.Release|Any CPU.Build.0 = Release|Any CPU
		{608B3493-2926-438E-9FB2-271473C99326}.Debug|Any CPU.ActiveCfg = Debug|Any CPU
		{608B3493-2926-438E-9FB2-271473C99326}.Debug|Any CPU.Build.0 = Debug|Any CPU
		{608B3493-2926-438E-9FB2-271473C99326}.Release|Any CPU.ActiveCfg = Release|Any CPU
		{608B3493-2926-438E-9FB2-271473C99326}.Release|Any CPU.Build.0 = Release|Any CPU
		{0135E795-F0CC-42B6-8AB0-599022D8EFD3}.Debug|Any CPU.ActiveCfg = Debug|Any CPU
		{0135E795-F0CC-42B6-8AB0-599022D8EFD3}.Debug|Any CPU.Build.0 = Debug|Any CPU
		{0135E795-F0CC-42B6-8AB0-599022D8EFD3}.Release|Any CPU.ActiveCfg = Release|Any CPU
		{0135E795-F0CC-42B6-8AB0-599022D8EFD3}.Release|Any CPU.Build.0 = Release|Any CPU
		{84A3BDFB-B2E1-4BA5-AC46-4BE995018798}.Debug|Any CPU.ActiveCfg = Debug|Any CPU
		{84A3BDFB-B2E1-4BA5-AC46-4BE995018798}.Debug|Any CPU.Build.0 = Debug|Any CPU
		{84A3BDFB-B2E1-4BA5-AC46-4BE995018798}.Release|Any CPU.ActiveCfg = Release|Any CPU
		{84A3BDFB-B2E1-4BA5-AC46-4BE995018798}.Release|Any CPU.Build.0 = Release|Any CPU
		{ADA700DD-7BFA-4F2C-95B6-ADA9415E378A}.Debug|Any CPU.ActiveCfg = Debug|Any CPU
		{ADA700DD-7BFA-4F2C-95B6-ADA9415E378A}.Debug|Any CPU.Build.0 = Debug|Any CPU
		{ADA700DD-7BFA-4F2C-95B6-ADA9415E378A}.Release|Any CPU.ActiveCfg = Release|Any CPU
		{ADA700DD-7BFA-4F2C-95B6-ADA9415E378A}.Release|Any CPU.Build.0 = Release|Any CPU
	EndGlobalSection
	GlobalSection(SolutionProperties) = preSolution
		HideSolutionNode = FALSE
	EndGlobalSection
	GlobalSection(NestedProjects) = preSolution
		{D1166DF3-F64E-465A-8CF3-3000F7DE36CC} = {33DA174D-A48C-4541-8444-490867C3EA10}
		{E736FEAF-6631-40BB-9C64-8422C92AA928} = {871B6931-2845-47DC-9E3D-8B13F88918CF}
	EndGlobalSection
EndGlobal
